
Microsoft Visual Studio Solution File, Format Version 12.00
# Visual Studio Version 16
VisualStudioVersion = 16.0.31729.503
MinimumVisualStudioVersion = 10.0.40219.1
Project("{8BC9CEB8-8B4A-11D0-8D11-00A0C91BC942}") = "Blackjack", "blackjack_ponovo.vcxproj", "{46039067-7FE7-405F-8131-C1C3F38D561D}"
EndProject
Global
	GlobalSection(SolutionConfigurationPlatforms) = preSolution
		Debug|x64 = Debug|x64
		Debug|x86 = Debug|x86
		Release|x64 = Release|x64
		Release|x86 = Release|x86
	EndGlobalSection
	GlobalSection(ProjectConfigurationPlatforms) = postSolution
		{46039067-7FE7-405F-8131-C1C3F38D561D}.Debug|x64.ActiveCfg = Debug|x64
		{46039067-7FE7-405F-8131-C1C3F38D561D}.Debug|x64.Build.0 = Debug|x64
		{46039067-7FE7-405F-8131-C1C3F38D561D}.Debug|x86.ActiveCfg = Debug|Win32
		{46039067-7FE7-405F-8131-C1C3F38D561D}.Debug|x86.Build.0 = Debug|Win32
		{46039067-7FE7-405F-8131-C1C3F38D561D}.Release|x64.ActiveCfg = Release|x64
		{46039067-7FE7-405F-8131-C1C3F38D561D}.Release|x64.Build.0 = Release|x64
		{46039067-7FE7-405F-8131-C1C3F38D561D}.Release|x86.ActiveCfg = Release|Win32
		{46039067-7FE7-405F-8131-C1C3F38D561D}.Release|x86.Build.0 = Release|Win32
	EndGlobalSection
	GlobalSection(SolutionProperties) = preSolution
		HideSolutionNode = FALSE
	EndGlobalSection
	GlobalSection(ExtensibilityGlobals) = postSolution
		SolutionGuid = {F7B42EC4-5AE7-4306-94A2-BBA24238AD74}
	EndGlobalSection
EndGlobal
